
Microsoft Visual Studio Solution File, Format Version 12.00
# Visual Studio Version 17
VisualStudioVersion = 17.4.33122.133
MinimumVisualStudioVersion = 10.0.40219.1
Project("{FAE04EC0-301F-11D3-BF4B-00C04F79EFBC}") = "Hangman", "Hangman.csproj", "{CF9FB7DA-8BB2-4C50-9278-B0EFCF117B5F}"
EndProject
Global
	GlobalSection(SolutionConfigurationPlatforms) = preSolution
		Debug|Any CPU = Debug|Any CPU
		Release|Any CPU = Release|Any CPU
	EndGlobalSection
	GlobalSection(ProjectConfigurationPlatforms) = postSolution
		{CF9FB7DA-8BB2-4C50-9278-B0EFCF117B5F}.Debug|Any CPU.ActiveCfg = Debug|Any CPU
		{CF9FB7DA-8BB2-4C50-9278-B0EFCF117B5F}.Debug|Any CPU.Build.0 = Debug|Any CPU
		{CF9FB7DA-8BB2-4C50-9278-B0EFCF117B5F}.Release|Any CPU.ActiveCfg = Release|Any CPU
		{CF9FB7DA-8BB2-4C50-9278-B0EFCF117B5F}.Release|Any CPU.Build.0 = Release|Any CPU
	EndGlobalSection
	GlobalSection(SolutionProperties) = preSolution
		HideSolutionNode = FALSE
	EndGlobalSection
	GlobalSection(ExtensibilityGlobals) = postSolution
		SolutionGuid = {A71F8089-E68F-4D70-B222-2CCABFC9A84C}
	EndGlobalSection
EndGlobal
